
Microsoft Visual Studio Solution File, Format Version 12.00
# Visual Studio Version 17
VisualStudioVersion = 17.1.32210.238
MinimumVisualStudioVersion = 10.0.40219.1
Project("{2150E333-8FDC-42A3-9474-1A3956D46DE8}") = "OCC_Components", "OCC_Components", "{A7C2183F-33A4-4E26-9484-037C06CE3618}"
EndProject
Project("{FAE04EC0-301F-11D3-BF4B-00C04F79EFBC}") = "OCC", "OCC_Components\OCC\OCC.csproj", "{2F733182-E76C-49E7-B260-2FA25CDE8209}"
EndProject
Project("{FAE04EC0-301F-11D3-BF4B-00C04F79EFBC}") = "OCC_Database", "OCC_Components\OCC_Database\OCC_Database.csproj", "{AD64AD7B-5644-4576-A1CB-27067B12D606}"
EndProject
Project("{2150E333-8FDC-42A3-9474-1A3956D46DE8}") = "Client_Components", "Client_Components", "{4525D8FA-88C1-4775-9FB7-1F8CC8A29320}"
EndProject
Project("{FAE04EC0-301F-11D3-BF4B-00C04F79EFBC}") = "DWClient", "Client_Components\DWClient\DWClient.csproj", "{3DC1E980-9D41-4028-A600-E208DF22ED97}"
EndProject
Project("{FAE04EC0-301F-11D3-BF4B-00C04F79EFBC}") = "Common", "Common\Common.csproj", "{5A76D0C5-134D-4771-B8F3-BB0C9E0BB7E9}"
EndProject
Project("{FAE04EC0-301F-11D3-BF4B-00C04F79EFBC}") = "EventGroup", "EventGroup\EventGroup.csproj", "{61AF9826-B863-443D-B10A-361FF9FCEAD3}"
EndProject
Global
	GlobalSection(SolutionConfigurationPlatforms) = preSolution
		Debug|Any CPU = Debug|Any CPU
		Release|Any CPU = Release|Any CPU
	EndGlobalSection
	GlobalSection(ProjectConfigurationPlatforms) = postSolution
		{2F733182-E76C-49E7-B260-2FA25CDE8209}.Debug|Any CPU.ActiveCfg = Debug|Any CPU
		{2F733182-E76C-49E7-B260-2FA25CDE8209}.Debug|Any CPU.Build.0 = Debug|Any CPU
		{2F733182-E76C-49E7-B260-2FA25CDE8209}.Release|Any CPU.ActiveCfg = Release|Any CPU
		{2F733182-E76C-49E7-B260-2FA25CDE8209}.Release|Any CPU.Build.0 = Release|Any CPU
		{AD64AD7B-5644-4576-A1CB-27067B12D606}.Debug|Any CPU.ActiveCfg = Debug|Any CPU
		{AD64AD7B-5644-4576-A1CB-27067B12D606}.Debug|Any CPU.Build.0 = Debug|Any CPU
		{AD64AD7B-5644-4576-A1CB-27067B12D606}.Release|Any CPU.ActiveCfg = Release|Any CPU
		{AD64AD7B-5644-4576-A1CB-27067B12D606}.Release|Any CPU.Build.0 = Release|Any CPU
		{3DC1E980-9D41-4028-A600-E208DF22ED97}.Debug|Any CPU.ActiveCfg = Debug|Any CPU
		{3DC1E980-9D41-4028-A600-E208DF22ED97}.Debug|Any CPU.Build.0 = Debug|Any CPU
		{3DC1E980-9D41-4028-A600-E208DF22ED97}.Release|Any CPU.ActiveCfg = Release|Any CPU
		{3DC1E980-9D41-4028-A600-E208DF22ED97}.Release|Any CPU.Build.0 = Release|Any CPU
		{5A76D0C5-134D-4771-B8F3-BB0C9E0BB7E9}.Debug|Any CPU.ActiveCfg = Debug|Any CPU
		{5A76D0C5-134D-4771-B8F3-BB0C9E0BB7E9}.Debug|Any CPU.Build.0 = Debug|Any CPU
		{5A76D0C5-134D-4771-B8F3-BB0C9E0BB7E9}.Release|Any CPU.ActiveCfg = Release|Any CPU
		{5A76D0C5-134D-4771-B8F3-BB0C9E0BB7E9}.Release|Any CPU.Build.0 = Release|Any CPU
		{61AF9826-B863-443D-B10A-361FF9FCEAD3}.Debug|Any CPU.ActiveCfg = Debug|Any CPU
		{61AF9826-B863-443D-B10A-361FF9FCEAD3}.Debug|Any CPU.Build.0 = Debug|Any CPU
		{61AF9826-B863-443D-B10A-361FF9FCEAD3}.Release|Any CPU.ActiveCfg = Release|Any CPU
		{61AF9826-B863-443D-B10A-361FF9FCEAD3}.Release|Any CPU.Build.0 = Release|Any CPU
	EndGlobalSection
	GlobalSection(SolutionProperties) = preSolution
		HideSolutionNode = FALSE
	EndGlobalSection
	GlobalSection(NestedProjects) = preSolution
		{2F733182-E76C-49E7-B260-2FA25CDE8209} = {A7C2183F-33A4-4E26-9484-037C06CE3618}
		{AD64AD7B-5644-4576-A1CB-27067B12D606} = {A7C2183F-33A4-4E26-9484-037C06CE3618}
		{3DC1E980-9D41-4028-A600-E208DF22ED97} = {4525D8FA-88C1-4775-9FB7-1F8CC8A29320}
	EndGlobalSection
	GlobalSection(ExtensibilityGlobals) = postSolution
		SolutionGuid = {35170F9D-7834-424C-90FF-A0E9E49A3EE3}
	EndGlobalSection
EndGlobal
