
Microsoft Visual Studio Solution File, Format Version 12.00
# Visual Studio 15
VisualStudioVersion = 15.0.28307.757
MinimumVisualStudioVersion = 10.0.40219.1
Project("{FAE04EC0-301F-11D3-BF4B-00C04F79EFBC}") = "ServerFrame", "NetFrame\ServerFrame.csproj", "{76B790E1-FFCE-421A-A435-6EE0763A5B14}"
EndProject
Project("{FAE04EC0-301F-11D3-BF4B-00C04F79EFBC}") = "Common", "Common\Common.csproj", "{097F78C5-9E15-4A27-AADC-1D3799AE738F}"
EndProject
Project("{FAE04EC0-301F-11D3-BF4B-00C04F79EFBC}") = "MCS", "MCS\MCS.csproj", "{88FF48A0-5F5D-477D-B627-D3961F998CCF}"
EndProject
Project("{FAE04EC0-301F-11D3-BF4B-00C04F79EFBC}") = "MCS_Client", "MCS_Client\MCS_Client.csproj", "{13CE5A63-4CB4-4541-8BF1-DEFCAA4EE164}"
EndProject
Project("{FAE04EC0-301F-11D3-BF4B-00C04F79EFBC}") = "Test", "Test\Test.csproj", "{FB9715E1-A66D-46D2-8CEE-739E21F00738}"
EndProject
Project("{FAE04EC0-301F-11D3-BF4B-00C04F79EFBC}") = "DW_CC_NET", "EventBus\DW_CC_NET.csproj", "{91B44572-9B1B-4A0F-AB64-292A92933CF3}"
EndProject
Project("{FAE04EC0-301F-11D3-BF4B-00C04F79EFBC}") = "cc_client", "cc_clinet\cc_client.csproj", "{3C1504D4-224D-4413-AC8A-3905BD2CFE64}"
EndProject
Project("{FAE04EC0-301F-11D3-BF4B-00C04F79EFBC}") = "Utilities", "LibNvDriverSetting\Utilities.csproj", "{EC625A1D-1886-46E9-8F78-404F2FC46841}"
EndProject
Project("{FAE04EC0-301F-11D3-BF4B-00C04F79EFBC}") = "cc_client_update", "cc_client_update\cc_client_update.csproj", "{ACD8679D-6064-4DD7-8A2F-BD5DF370DE5E}"
EndProject
Project("{FAE04EC0-301F-11D3-BF4B-00C04F79EFBC}") = "CommonData", "CommonData\CommonData.csproj", "{24C5D171-81D7-4DCB-86C9-605FA545B1B3}"
EndProject
Project("{FAE04EC0-301F-11D3-BF4B-00C04F79EFBC}") = "CommonTools", "CommonTools\CommonTools.csproj", "{BE89926A-EC06-404D-9A5F-3717EFA43E59}"
EndProject
Project("{FAE04EC0-301F-11D3-BF4B-00C04F79EFBC}") = "cc_client_stereo", "cc_client_stereo\cc_client_stereo.csproj", "{C3BB12EF-F9B5-478A-A918-65DA4FA7B8EF}"
EndProject
Global
	GlobalSection(SolutionConfigurationPlatforms) = preSolution
		Debug|Any CPU = Debug|Any CPU
		Debug|Mixed Platforms = Debug|Mixed Platforms
		Debug|x64 = Debug|x64
		Debug|x86 = Debug|x86
		Release|Any CPU = Release|Any CPU
		Release|Mixed Platforms = Release|Mixed Platforms
		Release|x64 = Release|x64
		Release|x86 = Release|x86
	EndGlobalSection
	GlobalSection(ProjectConfigurationPlatforms) = postSolution
		{76B790E1-FFCE-421A-A435-6EE0763A5B14}.Debug|Any CPU.ActiveCfg = Debug|Any CPU
		{76B790E1-FFCE-421A-A435-6EE0763A5B14}.Debug|Any CPU.Build.0 = Debug|Any CPU
		{76B790E1-FFCE-421A-A435-6EE0763A5B14}.Debug|Mixed Platforms.ActiveCfg = Debug|Any CPU
		{76B790E1-FFCE-421A-A435-6EE0763A5B14}.Debug|Mixed Platforms.Build.0 = Debug|Any CPU
		{76B790E1-FFCE-421A-A435-6EE0763A5B14}.Debug|x64.ActiveCfg = Debug|x64
		{76B790E1-FFCE-421A-A435-6EE0763A5B14}.Debug|x64.Build.0 = Debug|x64
		{76B790E1-FFCE-421A-A435-6EE0763A5B14}.Debug|x86.ActiveCfg = Debug|Any CPU
		{76B790E1-FFCE-421A-A435-6EE0763A5B14}.Debug|x86.Build.0 = Debug|Any CPU
		{76B790E1-FFCE-421A-A435-6EE0763A5B14}.Release|Any CPU.ActiveCfg = Release|Any CPU
		{76B790E1-FFCE-421A-A435-6EE0763A5B14}.Release|Any CPU.Build.0 = Release|Any CPU
		{76B790E1-FFCE-421A-A435-6EE0763A5B14}.Release|Mixed Platforms.ActiveCfg = Release|Any CPU
		{76B790E1-FFCE-421A-A435-6EE0763A5B14}.Release|Mixed Platforms.Build.0 = Release|Any CPU
		{76B790E1-FFCE-421A-A435-6EE0763A5B14}.Release|x64.ActiveCfg = Release|x64
		{76B790E1-FFCE-421A-A435-6EE0763A5B14}.Release|x64.Build.0 = Release|x64
		{76B790E1-FFCE-421A-A435-6EE0763A5B14}.Release|x86.ActiveCfg = Release|Any CPU
		{097F78C5-9E15-4A27-AADC-1D3799AE738F}.Debug|Any CPU.ActiveCfg = Debug|Any CPU
		{097F78C5-9E15-4A27-AADC-1D3799AE738F}.Debug|Any CPU.Build.0 = Debug|Any CPU
		{097F78C5-9E15-4A27-AADC-1D3799AE738F}.Debug|Mixed Platforms.ActiveCfg = Debug|Any CPU
		{097F78C5-9E15-4A27-AADC-1D3799AE738F}.Debug|Mixed Platforms.Build.0 = Debug|Any CPU
		{097F78C5-9E15-4A27-AADC-1D3799AE738F}.Debug|x64.ActiveCfg = Debug|x64
		{097F78C5-9E15-4A27-AADC-1D3799AE738F}.Debug|x64.Build.0 = Debug|x64
		{097F78C5-9E15-4A27-AADC-1D3799AE738F}.Debug|x86.ActiveCfg = Debug|Any CPU
		{097F78C5-9E15-4A27-AADC-1D3799AE738F}.Debug|x86.Build.0 = Debug|Any CPU
		{097F78C5-9E15-4A27-AADC-1D3799AE738F}.Release|Any CPU.ActiveCfg = Release|Any CPU
		{097F78C5-9E15-4A27-AADC-1D3799AE738F}.Release|Any CPU.Build.0 = Release|Any CPU
		{097F78C5-9E15-4A27-AADC-1D3799AE738F}.Release|Mixed Platforms.ActiveCfg = Release|Any CPU
		{097F78C5-9E15-4A27-AADC-1D3799AE738F}.Release|Mixed Platforms.Build.0 = Release|Any CPU
		{097F78C5-9E15-4A27-AADC-1D3799AE738F}.Release|x64.ActiveCfg = Release|x64
		{097F78C5-9E15-4A27-AADC-1D3799AE738F}.Release|x64.Build.0 = Release|x64
		{097F78C5-9E15-4A27-AADC-1D3799AE738F}.Release|x86.ActiveCfg = Release|Any CPU
		{88FF48A0-5F5D-477D-B627-D3961F998CCF}.Debug|Any CPU.ActiveCfg = Debug|Any CPU
		{88FF48A0-5F5D-477D-B627-D3961F998CCF}.Debug|Any CPU.Build.0 = Debug|Any CPU
		{88FF48A0-5F5D-477D-B627-D3961F998CCF}.Debug|Mixed Platforms.ActiveCfg = Debug|Any CPU
		{88FF48A0-5F5D-477D-B627-D3961F998CCF}.Debug|Mixed Platforms.Build.0 = Debug|Any CPU
		{88FF48A0-5F5D-477D-B627-D3961F998CCF}.Debug|x64.ActiveCfg = Debug|x64
		{88FF48A0-5F5D-477D-B627-D3961F998CCF}.Debug|x64.Build.0 = Debug|x64
		{88FF48A0-5F5D-477D-B627-D3961F998CCF}.Debug|x86.ActiveCfg = Debug|x64
		{88FF48A0-5F5D-477D-B627-D3961F998CCF}.Debug|x86.Build.0 = Debug|x64
		{88FF48A0-5F5D-477D-B627-D3961F998CCF}.Release|Any CPU.ActiveCfg = Release|Any CPU
		{88FF48A0-5F5D-477D-B627-D3961F998CCF}.Release|Any CPU.Build.0 = Release|Any CPU
		{88FF48A0-5F5D-477D-B627-D3961F998CCF}.Release|Mixed Platforms.ActiveCfg = Release|Any CPU
		{88FF48A0-5F5D-477D-B627-D3961F998CCF}.Release|Mixed Platforms.Build.0 = Release|Any CPU
		{88FF48A0-5F5D-477D-B627-D3961F998CCF}.Release|x64.ActiveCfg = Release|x64
		{88FF48A0-5F5D-477D-B627-D3961F998CCF}.Release|x64.Build.0 = Release|x64
		{88FF48A0-5F5D-477D-B627-D3961F998CCF}.Release|x86.ActiveCfg = Release|Any CPU
		{88FF48A0-5F5D-477D-B627-D3961F998CCF}.Release|x86.Build.0 = Release|Any CPU
		{13CE5A63-4CB4-4541-8BF1-DEFCAA4EE164}.Debug|Any CPU.ActiveCfg = Debug|Any CPU
		{13CE5A63-4CB4-4541-8BF1-DEFCAA4EE164}.Debug|Any CPU.Build.0 = Debug|Any CPU
		{13CE5A63-4CB4-4541-8BF1-DEFCAA4EE164}.Debug|Mixed Platforms.ActiveCfg = Debug|Any CPU
		{13CE5A63-4CB4-4541-8BF1-DEFCAA4EE164}.Debug|Mixed Platforms.Build.0 = Debug|Any CPU
		{13CE5A63-4CB4-4541-8BF1-DEFCAA4EE164}.Debug|x64.ActiveCfg = Debug|x64
		{13CE5A63-4CB4-4541-8BF1-DEFCAA4EE164}.Debug|x64.Build.0 = Debug|x64
		{13CE5A63-4CB4-4541-8BF1-DEFCAA4EE164}.Debug|x86.ActiveCfg = Debug|Any CPU
		{13CE5A63-4CB4-4541-8BF1-DEFCAA4EE164}.Debug|x86.Build.0 = Debug|Any CPU
		{13CE5A63-4CB4-4541-8BF1-DEFCAA4EE164}.Release|Any CPU.ActiveCfg = Release|Any CPU
		{13CE5A63-4CB4-4541-8BF1-DEFCAA4EE164}.Release|Any CPU.Build.0 = Release|Any CPU
		{13CE5A63-4CB4-4541-8BF1-DEFCAA4EE164}.Release|Mixed Platforms.ActiveCfg = Release|Any CPU
		{13CE5A63-4CB4-4541-8BF1-DEFCAA4EE164}.Release|Mixed Platforms.Build.0 = Release|Any CPU
		{13CE5A63-4CB4-4541-8BF1-DEFCAA4EE164}.Release|x64.ActiveCfg = Release|x64
		{13CE5A63-4CB4-4541-8BF1-DEFCAA4EE164}.Release|x64.Build.0 = Release|x64
		{13CE5A63-4CB4-4541-8BF1-DEFCAA4EE164}.Release|x86.ActiveCfg = Release|Any CPU
		{13CE5A63-4CB4-4541-8BF1-DEFCAA4EE164}.Release|x86.Build.0 = Release|Any CPU
		{FB9715E1-A66D-46D2-8CEE-739E21F00738}.Debug|Any CPU.ActiveCfg = Debug|Any CPU
		{FB9715E1-A66D-46D2-8CEE-739E21F00738}.Debug|Any CPU.Build.0 = Debug|Any CPU
		{FB9715E1-A66D-46D2-8CEE-739E21F00738}.Debug|Mixed Platforms.ActiveCfg = Debug|Any CPU
		{FB9715E1-A66D-46D2-8CEE-739E21F00738}.Debug|Mixed Platforms.Build.0 = Debug|Any CPU
		{FB9715E1-A66D-46D2-8CEE-739E21F00738}.Debug|x64.ActiveCfg = Debug|x64
		{FB9715E1-A66D-46D2-8CEE-739E21F00738}.Debug|x64.Build.0 = Debug|x64
		{FB9715E1-A66D-46D2-8CEE-739E21F00738}.Debug|x86.ActiveCfg = Debug|Any CPU
		{FB9715E1-A66D-46D2-8CEE-739E21F00738}.Debug|x86.Build.0 = Debug|Any CPU
		{FB9715E1-A66D-46D2-8CEE-739E21F00738}.Release|Any CPU.ActiveCfg = Release|Any CPU
		{FB9715E1-A66D-46D2-8CEE-739E21F00738}.Release|Any CPU.Build.0 = Release|Any CPU
		{FB9715E1-A66D-46D2-8CEE-739E21F00738}.Release|Mixed Platforms.ActiveCfg = Release|Any CPU
		{FB9715E1-A66D-46D2-8CEE-739E21F00738}.Release|Mixed Platforms.Build.0 = Release|Any CPU
		{FB9715E1-A66D-46D2-8CEE-739E21F00738}.Release|x64.ActiveCfg = Release|x64
		{FB9715E1-A66D-46D2-8CEE-739E21F00738}.Release|x64.Build.0 = Release|x64
		{FB9715E1-A66D-46D2-8CEE-739E21F00738}.Release|x86.ActiveCfg = Release|Any CPU
		{FB9715E1-A66D-46D2-8CEE-739E21F00738}.Release|x86.Build.0 = Release|Any CPU
		{91B44572-9B1B-4A0F-AB64-292A92933CF3}.Debug|Any CPU.ActiveCfg = Debug|Any CPU
		{91B44572-9B1B-4A0F-AB64-292A92933CF3}.Debug|Any CPU.Build.0 = Debug|Any CPU
		{91B44572-9B1B-4A0F-AB64-292A92933CF3}.Debug|Mixed Platforms.ActiveCfg = Debug|Any CPU
		{91B44572-9B1B-4A0F-AB64-292A92933CF3}.Debug|Mixed Platforms.Build.0 = Debug|Any CPU
		{91B44572-9B1B-4A0F-AB64-292A92933CF3}.Debug|x64.ActiveCfg = Debug|Any CPU
		{91B44572-9B1B-4A0F-AB64-292A92933CF3}.Debug|x64.Build.0 = Debug|Any CPU
		{91B44572-9B1B-4A0F-AB64-292A92933CF3}.Debug|x86.ActiveCfg = Debug|Any CPU
		{91B44572-9B1B-4A0F-AB64-292A92933CF3}.Debug|x86.Build.0 = Debug|Any CPU
		{91B44572-9B1B-4A0F-AB64-292A92933CF3}.Release|Any CPU.ActiveCfg = Release|Any CPU
		{91B44572-9B1B-4A0F-AB64-292A92933CF3}.Release|Any CPU.Build.0 = Release|Any CPU
		{91B44572-9B1B-4A0F-AB64-292A92933CF3}.Release|Mixed Platforms.ActiveCfg = Release|Any CPU
		{91B44572-9B1B-4A0F-AB64-292A92933CF3}.Release|Mixed Platforms.Build.0 = Release|Any CPU
		{91B44572-9B1B-4A0F-AB64-292A92933CF3}.Release|x64.ActiveCfg = Release|Any CPU
		{91B44572-9B1B-4A0F-AB64-292A92933CF3}.Release|x64.Build.0 = Release|Any CPU
		{91B44572-9B1B-4A0F-AB64-292A92933CF3}.Release|x86.ActiveCfg = Release|Any CPU
		{91B44572-9B1B-4A0F-AB64-292A92933CF3}.Release|x86.Build.0 = Release|Any CPU
		{3C1504D4-224D-4413-AC8A-3905BD2CFE64}.Debug|Any CPU.ActiveCfg = Debug|Any CPU
		{3C1504D4-224D-4413-AC8A-3905BD2CFE64}.Debug|Any CPU.Build.0 = Debug|Any CPU
		{3C1504D4-224D-4413-AC8A-3905BD2CFE64}.Debug|Mixed Platforms.ActiveCfg = Debug|Any CPU
		{3C1504D4-224D-4413-AC8A-3905BD2CFE64}.Debug|Mixed Platforms.Build.0 = Debug|Any CPU
		{3C1504D4-224D-4413-AC8A-3905BD2CFE64}.Debug|x64.ActiveCfg = Debug|x64
		{3C1504D4-224D-4413-AC8A-3905BD2CFE64}.Debug|x64.Build.0 = Debug|x64
		{3C1504D4-224D-4413-AC8A-3905BD2CFE64}.Debug|x86.ActiveCfg = Debug|Any CPU
		{3C1504D4-224D-4413-AC8A-3905BD2CFE64}.Debug|x86.Build.0 = Debug|Any CPU
		{3C1504D4-224D-4413-AC8A-3905BD2CFE64}.Release|Any CPU.ActiveCfg = Release|Any CPU
		{3C1504D4-224D-4413-AC8A-3905BD2CFE64}.Release|Any CPU.Build.0 = Release|Any CPU
		{3C1504D4-224D-4413-AC8A-3905BD2CFE64}.Release|Mixed Platforms.ActiveCfg = Release|Any CPU
		{3C1504D4-224D-4413-AC8A-3905BD2CFE64}.Release|Mixed Platforms.Build.0 = Release|Any CPU
		{3C1504D4-224D-4413-AC8A-3905BD2CFE64}.Release|x64.ActiveCfg = Release|x64
		{3C1504D4-224D-4413-AC8A-3905BD2CFE64}.Release|x64.Build.0 = Release|x64
		{3C1504D4-224D-4413-AC8A-3905BD2CFE64}.Release|x86.ActiveCfg = Release|Any CPU
		{3C1504D4-224D-4413-AC8A-3905BD2CFE64}.Release|x86.Build.0 = Release|Any CPU
		{EC625A1D-1886-46E9-8F78-404F2FC46841}.Debug|Any CPU.ActiveCfg = Debug|Any CPU
		{EC625A1D-1886-46E9-8F78-404F2FC46841}.Debug|Any CPU.Build.0 = Debug|Any CPU
		{EC625A1D-1886-46E9-8F78-404F2FC46841}.Debug|Mixed Platforms.ActiveCfg = Debug|Any CPU
		{EC625A1D-1886-46E9-8F78-404F2FC46841}.Debug|Mixed Platforms.Build.0 = Debug|Any CPU
		{EC625A1D-1886-46E9-8F78-404F2FC46841}.Debug|x64.ActiveCfg = Debug|x64
		{EC625A1D-1886-46E9-8F78-404F2FC46841}.Debug|x64.Build.0 = Debug|x64
		{EC625A1D-1886-46E9-8F78-404F2FC46841}.Debug|x86.ActiveCfg = Debug|Any CPU
		{EC625A1D-1886-46E9-8F78-404F2FC46841}.Debug|x86.Build.0 = Debug|Any CPU
		{EC625A1D-1886-46E9-8F78-404F2FC46841}.Release|Any CPU.ActiveCfg = Release|Any CPU
		{EC625A1D-1886-46E9-8F78-404F2FC46841}.Release|Any CPU.Build.0 = Release|Any CPU
		{EC625A1D-1886-46E9-8F78-404F2FC46841}.Release|Mixed Platforms.ActiveCfg = Release|Any CPU
		{EC625A1D-1886-46E9-8F78-404F2FC46841}.Release|Mixed Platforms.Build.0 = Release|Any CPU
		{EC625A1D-1886-46E9-8F78-404F2FC46841}.Release|x64.ActiveCfg = Release|x64
		{EC625A1D-1886-46E9-8F78-404F2FC46841}.Release|x64.Build.0 = Release|x64
		{EC625A1D-1886-46E9-8F78-404F2FC46841}.Release|x86.ActiveCfg = Release|Any CPU
		{EC625A1D-1886-46E9-8F78-404F2FC46841}.Release|x86.Build.0 = Release|Any CPU
		{ACD8679D-6064-4DD7-8A2F-BD5DF370DE5E}.Debug|Any CPU.ActiveCfg = Debug|Any CPU
		{ACD8679D-6064-4DD7-8A2F-BD5DF370DE5E}.Debug|Any CPU.Build.0 = Debug|Any CPU
		{ACD8679D-6064-4DD7-8A2F-BD5DF370DE5E}.Debug|Mixed Platforms.ActiveCfg = Debug|Any CPU
		{ACD8679D-6064-4DD7-8A2F-BD5DF370DE5E}.Debug|Mixed Platforms.Build.0 = Debug|Any CPU
		{ACD8679D-6064-4DD7-8A2F-BD5DF370DE5E}.Debug|x64.ActiveCfg = Debug|Any CPU
		{ACD8679D-6064-4DD7-8A2F-BD5DF370DE5E}.Debug|x64.Build.0 = Debug|Any CPU
		{ACD8679D-6064-4DD7-8A2F-BD5DF370DE5E}.Debug|x86.ActiveCfg = Debug|Any CPU
		{ACD8679D-6064-4DD7-8A2F-BD5DF370DE5E}.Debug|x86.Build.0 = Debug|Any CPU
		{ACD8679D-6064-4DD7-8A2F-BD5DF370DE5E}.Release|Any CPU.ActiveCfg = Release|Any CPU
		{ACD8679D-6064-4DD7-8A2F-BD5DF370DE5E}.Release|Any CPU.Build.0 = Release|Any CPU
		{ACD8679D-6064-4DD7-8A2F-BD5DF370DE5E}.Release|Mixed Platforms.ActiveCfg = Release|Any CPU
		{ACD8679D-6064-4DD7-8A2F-BD5DF370DE5E}.Release|Mixed Platforms.Build.0 = Release|Any CPU
		{ACD8679D-6064-4DD7-8A2F-BD5DF370DE5E}.Release|x64.ActiveCfg = Release|Any CPU
		{ACD8679D-6064-4DD7-8A2F-BD5DF370DE5E}.Release|x64.Build.0 = Release|Any CPU
		{ACD8679D-6064-4DD7-8A2F-BD5DF370DE5E}.Release|x86.ActiveCfg = Release|Any CPU
		{ACD8679D-6064-4DD7-8A2F-BD5DF370DE5E}.Release|x86.Build.0 = Release|Any CPU
		{24C5D171-81D7-4DCB-86C9-605FA545B1B3}.Debug|Any CPU.ActiveCfg = Debug|Any CPU
		{24C5D171-81D7-4DCB-86C9-605FA545B1B3}.Debug|Any CPU.Build.0 = Debug|Any CPU
		{24C5D171-81D7-4DCB-86C9-605FA545B1B3}.Debug|Mixed Platforms.ActiveCfg = Debug|Any CPU
		{24C5D171-81D7-4DCB-86C9-605FA545B1B3}.Debug|Mixed Platforms.Build.0 = Debug|Any CPU
		{24C5D171-81D7-4DCB-86C9-605FA545B1B3}.Debug|x64.ActiveCfg = Debug|Any CPU
		{24C5D171-81D7-4DCB-86C9-605FA545B1B3}.Debug|x64.Build.0 = Debug|Any CPU
		{24C5D171-81D7-4DCB-86C9-605FA545B1B3}.Debug|x86.ActiveCfg = Debug|Any CPU
		{24C5D171-81D7-4DCB-86C9-605FA545B1B3}.Debug|x86.Build.0 = Debug|Any CPU
		{24C5D171-81D7-4DCB-86C9-605FA545B1B3}.Release|Any CPU.ActiveCfg = Release|Any CPU
		{24C5D171-81D7-4DCB-86C9-605FA545B1B3}.Release|Any CPU.Build.0 = Release|Any CPU
		{24C5D171-81D7-4DCB-86C9-605FA545B1B3}.Release|Mixed Platforms.ActiveCfg = Release|Any CPU
		{24C5D171-81D7-4DCB-86C9-605FA545B1B3}.Release|Mixed Platforms.Build.0 = Release|Any CPU
		{24C5D171-81D7-4DCB-86C9-605FA545B1B3}.Release|x64.ActiveCfg = Release|Any CPU
		{24C5D171-81D7-4DCB-86C9-605FA545B1B3}.Release|x64.Build.0 = Release|Any CPU
		{24C5D171-81D7-4DCB-86C9-605FA545B1B3}.Release|x86.ActiveCfg = Release|Any CPU
		{24C5D171-81D7-4DCB-86C9-605FA545B1B3}.Release|x86.Build.0 = Release|Any CPU
		{BE89926A-EC06-404D-9A5F-3717EFA43E59}.Debug|Any CPU.ActiveCfg = Debug|Any CPU
		{BE89926A-EC06-404D-9A5F-3717EFA43E59}.Debug|Any CPU.Build.0 = Debug|Any CPU
		{BE89926A-EC06-404D-9A5F-3717EFA43E59}.Debug|Mixed Platforms.ActiveCfg = Debug|Any CPU
		{BE89926A-EC06-404D-9A5F-3717EFA43E59}.Debug|Mixed Platforms.Build.0 = Debug|Any CPU
		{BE89926A-EC06-404D-9A5F-3717EFA43E59}.Debug|x64.ActiveCfg = Debug|Any CPU
		{BE89926A-EC06-404D-9A5F-3717EFA43E59}.Debug|x64.Build.0 = Debug|Any CPU
		{BE89926A-EC06-404D-9A5F-3717EFA43E59}.Debug|x86.ActiveCfg = Debug|Any CPU
		{BE89926A-EC06-404D-9A5F-3717EFA43E59}.Debug|x86.Build.0 = Debug|Any CPU
		{BE89926A-EC06-404D-9A5F-3717EFA43E59}.Release|Any CPU.ActiveCfg = Release|Any CPU
		{BE89926A-EC06-404D-9A5F-3717EFA43E59}.Release|Any CPU.Build.0 = Release|Any CPU
		{BE89926A-EC06-404D-9A5F-3717EFA43E59}.Release|Mixed Platforms.ActiveCfg = Release|Any CPU
		{BE89926A-EC06-404D-9A5F-3717EFA43E59}.Release|Mixed Platforms.Build.0 = Release|Any CPU
		{BE89926A-EC06-404D-9A5F-3717EFA43E59}.Release|x64.ActiveCfg = Release|Any CPU
		{BE89926A-EC06-404D-9A5F-3717EFA43E59}.Release|x64.Build.0 = Release|Any CPU
		{BE89926A-EC06-404D-9A5F-3717EFA43E59}.Release|x86.ActiveCfg = Release|Any CPU
		{BE89926A-EC06-404D-9A5F-3717EFA43E59}.Release|x86.Build.0 = Release|Any CPU
		{C3BB12EF-F9B5-478A-A918-65DA4FA7B8EF}.Debug|Any CPU.ActiveCfg = Debug|Any CPU
		{C3BB12EF-F9B5-478A-A918-65DA4FA7B8EF}.Debug|Any CPU.Build.0 = Debug|Any CPU
		{C3BB12EF-F9B5-478A-A918-65DA4FA7B8EF}.Debug|Mixed Platforms.ActiveCfg = Debug|Any CPU
		{C3BB12EF-F9B5-478A-A918-65DA4FA7B8EF}.Debug|Mixed Platforms.Build.0 = Debug|Any CPU
		{C3BB12EF-F9B5-478A-A918-65DA4FA7B8EF}.Debug|x64.ActiveCfg = Debug|Any CPU
		{C3BB12EF-F9B5-478A-A918-65DA4FA7B8EF}.Debug|x64.Build.0 = Debug|Any CPU
		{C3BB12EF-F9B5-478A-A918-65DA4FA7B8EF}.Debug|x86.ActiveCfg = Debug|Any CPU
		{C3BB12EF-F9B5-478A-A918-65DA4FA7B8EF}.Debug|x86.Build.0 = Debug|Any CPU
		{C3BB12EF-F9B5-478A-A918-65DA4FA7B8EF}.Release|Any CPU.ActiveCfg = Release|Any CPU
		{C3BB12EF-F9B5-478A-A918-65DA4FA7B8EF}.Release|Any CPU.Build.0 = Release|Any CPU
		{C3BB12EF-F9B5-478A-A918-65DA4FA7B8EF}.Release|Mixed Platforms.ActiveCfg = Release|Any CPU
		{C3BB12EF-F9B5-478A-A918-65DA4FA7B8EF}.Release|Mixed Platforms.Build.0 = Release|Any CPU
		{C3BB12EF-F9B5-478A-A918-65DA4FA7B8EF}.Release|x64.ActiveCfg = Release|Any CPU
		{C3BB12EF-F9B5-478A-A918-65DA4FA7B8EF}.Release|x64.Build.0 = Release|Any CPU
		{C3BB12EF-F9B5-478A-A918-65DA4FA7B8EF}.Release|x86.ActiveCfg = Release|Any CPU
		{C3BB12EF-F9B5-478A-A918-65DA4FA7B8EF}.Release|x86.Build.0 = Release|Any CPU
	EndGlobalSection
	GlobalSection(SolutionProperties) = preSolution
		HideSolutionNode = FALSE
	EndGlobalSection
	GlobalSection(ExtensibilityGlobals) = postSolution
		SolutionGuid = {1657878D-3A82-4889-97C1-70E7436A2715}
	EndGlobalSection
EndGlobal
